// !$*UTF8*$!
{
	archiveVersion = 1;
	classes = {
	};
	objectVersion = 56;
	objects = {

/* Begin PBXBuildFile section */
		7658CFFF2C1BD8C00038FAB0 /* OnBoardingView.swift in Sources */ = {isa = PBXBuildFile; fileRef = 7658CFFE2C1BD8C00038FAB0 /* OnBoardingView.swift */; };
		7658D0022C1BDAC30038FAB0 /* AccentColorButton.swift in Sources */ = {isa = PBXBuildFile; fileRef = 7658D0012C1BDAC30038FAB0 /* AccentColorButton.swift */; };
		7658D0052C1BDCC60038FAB0 /* SnapKit in Frameworks */ = {isa = PBXBuildFile; productRef = 7658D0042C1BDCC60038FAB0 /* SnapKit */; };
		7658D0072C1BDEB90038FAB0 /* OnBoardingViewController.swift in Sources */ = {isa = PBXBuildFile; fileRef = 7658D0062C1BDEB90038FAB0 /* OnBoardingViewController.swift */; };
		767E5CD42C1BE4FB0045C2AF /* SetNicknameView.swift in Sources */ = {isa = PBXBuildFile; fileRef = 767E5CD32C1BE4FB0045C2AF /* SetNicknameView.swift */; };
		767E5CD62C1BE7830045C2AF /* BarView.swift in Sources */ = {isa = PBXBuildFile; fileRef = 767E5CD52C1BE7830045C2AF /* BarView.swift */; };
		767E5CD82C1BEE9E0045C2AF /* SetNicknameViewController.swift in Sources */ = {isa = PBXBuildFile; fileRef = 767E5CD72C1BEE9E0045C2AF /* SetNicknameViewController.swift */; };
		767E5CDB2C1C07E80045C2AF /* IQKeyboardManagerSwift in Frameworks */ = {isa = PBXBuildFile; productRef = 767E5CDA2C1C07E80045C2AF /* IQKeyboardManagerSwift */; };
		767E5CDF2C1C0F3B0045C2AF /* String+.swift in Sources */ = {isa = PBXBuildFile; fileRef = 767E5CDE2C1C0F3B0045C2AF /* String+.swift */; };
		767E5CE32C1C19260045C2AF /* SelectImageCollectionViewCell.swift in Sources */ = {isa = PBXBuildFile; fileRef = 767E5CE22C1C19260045C2AF /* SelectImageCollectionViewCell.swift */; };
		767E5CE62C1C19910045C2AF /* SelectImageRootView.swift in Sources */ = {isa = PBXBuildFile; fileRef = 767E5CE52C1C19910045C2AF /* SelectImageRootView.swift */; };
		767E5CE82C1C19CC0045C2AF /* ProfileImageView.swift in Sources */ = {isa = PBXBuildFile; fileRef = 767E5CE72C1C19CC0045C2AF /* ProfileImageView.swift */; };
		767E5CEC2C1C24030045C2AF /* SelectImageViewController.swift in Sources */ = {isa = PBXBuildFile; fileRef = 767E5CEB2C1C24030045C2AF /* SelectImageViewController.swift */; };
		767E5CF22C1C30B60045C2AF /* Profile.swift in Sources */ = {isa = PBXBuildFile; fileRef = 767E5CF12C1C30B60045C2AF /* Profile.swift */; };
		767E5CF42C1C3EE00045C2AF /* UserDefualt.swift in Sources */ = {isa = PBXBuildFile; fileRef = 767E5CF32C1C3EE00045C2AF /* UserDefualt.swift */; };
		767E5CF62C1C3EF80045C2AF /* UserDefaultManager.swift in Sources */ = {isa = PBXBuildFile; fileRef = 767E5CF52C1C3EF80045C2AF /* UserDefaultManager.swift */; };
		767E5CFC2C1C4B690045C2AF /* SearchViewController.swift in Sources */ = {isa = PBXBuildFile; fileRef = 767E5CFB2C1C4B690045C2AF /* SearchViewController.swift */; };
		767E5CFE2C1C67300045C2AF /* TabBarViewController.swift in Sources */ = {isa = PBXBuildFile; fileRef = 767E5CFD2C1C67300045C2AF /* TabBarViewController.swift */; };
		767E5D042C1C67A00045C2AF /* SettingViewController.swift in Sources */ = {isa = PBXBuildFile; fileRef = 767E5D032C1C67A00045C2AF /* SettingViewController.swift */; };
		767E5D062C1C68EA0045C2AF /* SearchRootView.swift in Sources */ = {isa = PBXBuildFile; fileRef = 767E5D052C1C68EA0045C2AF /* SearchRootView.swift */; };
		767E5D082C1C74500045C2AF /* SearchWordTableViewCell.swift in Sources */ = {isa = PBXBuildFile; fileRef = 767E5D072C1C74500045C2AF /* SearchWordTableViewCell.swift */; };
		767E5D0A2C1C74790045C2AF /* ReuseIdentifierProtocol.swift in Sources */ = {isa = PBXBuildFile; fileRef = 767E5D092C1C74790045C2AF /* ReuseIdentifierProtocol.swift */; };
		7691B10A2C1AE5280091C42B /* AppDelegate.swift in Sources */ = {isa = PBXBuildFile; fileRef = 7691B1092C1AE5280091C42B /* AppDelegate.swift */; };
		7691B10C2C1AE5280091C42B /* SceneDelegate.swift in Sources */ = {isa = PBXBuildFile; fileRef = 7691B10B2C1AE5280091C42B /* SceneDelegate.swift */; };
		7691B1132C1AE5290091C42B /* Assets.xcassets in Resources */ = {isa = PBXBuildFile; fileRef = 7691B1122C1AE5290091C42B /* Assets.xcassets */; };
		7691B1162C1AE5290091C42B /* LaunchScreen.storyboard in Resources */ = {isa = PBXBuildFile; fileRef = 7691B1142C1AE5290091C42B /* LaunchScreen.storyboard */; };
		7691B11E2C1AE5B20091C42B /* .gitignore in Resources */ = {isa = PBXBuildFile; fileRef = 7691B11D2C1AE5B20091C42B /* .gitignore */; };
		7691B1262C1AE9460091C42B /* Constant.swift in Sources */ = {isa = PBXBuildFile; fileRef = 7691B1252C1AE9460091C42B /* Constant.swift */; };
		7691B1292C1AEAC80091C42B /* UIColor+.swift in Sources */ = {isa = PBXBuildFile; fileRef = 7691B1282C1AEAC80091C42B /* UIColor+.swift */; };
		7691B12B2C1AF0680091C42B /* UIImage+.swift in Sources */ = {isa = PBXBuildFile; fileRef = 7691B12A2C1AF0680091C42B /* UIImage+.swift */; };
		7697EB912C1D1EA2005D08E0 /* SearchWord.swift in Sources */ = {isa = PBXBuildFile; fileRef = 7697EB902C1D1EA2005D08E0 /* SearchWord.swift */; };
		7697EB952C1D713D005D08E0 /* SearchResultRootView.swift in Sources */ = {isa = PBXBuildFile; fileRef = 7697EB942C1D713D005D08E0 /* SearchResultRootView.swift */; };
		7697EB972C1D714E005D08E0 /* SearchResultCollectionViewCell.swift in Sources */ = {isa = PBXBuildFile; fileRef = 7697EB962C1D714E005D08E0 /* SearchResultCollectionViewCell.swift */; };
		7697EB992C1D75DD005D08E0 /* GrayColorButton.swift in Sources */ = {isa = PBXBuildFile; fileRef = 7697EB982C1D75DD005D08E0 /* GrayColorButton.swift */; };
		7697EB9B2C1D7D61005D08E0 /* ResultViewController.swift in Sources */ = {isa = PBXBuildFile; fileRef = 7697EB9A2C1D7D61005D08E0 /* ResultViewController.swift */; };
		7697EB9D2C1D883D005D08E0 /* ResultEntity.swift in Sources */ = {isa = PBXBuildFile; fileRef = 7697EB9C2C1D883D005D08E0 /* ResultEntity.swift */; };
		7697EB9F2C1EA544005D08E0 /* NetworkManager.swift in Sources */ = {isa = PBXBuildFile; fileRef = 7697EB9E2C1EA544005D08E0 /* NetworkManager.swift */; };
		7697EBA22C1EA562005D08E0 /* Alamofire in Frameworks */ = {isa = PBXBuildFile; productRef = 7697EBA12C1EA562005D08E0 /* Alamofire */; };
		7697EBA52C1EA56C005D08E0 /* Kingfisher in Frameworks */ = {isa = PBXBuildFile; productRef = 7697EBA42C1EA56C005D08E0 /* Kingfisher */; };
		7697EBAA2C1EA6D6005D08E0 /* APIKey.swift in Sources */ = {isa = PBXBuildFile; fileRef = 7697EBA92C1EA6D6005D08E0 /* APIKey.swift */; };
		76ADE37A2C1F1D5400CC23CB /* SearchDetailRootView.swift in Sources */ = {isa = PBXBuildFile; fileRef = 76ADE3792C1F1D5400CC23CB /* SearchDetailRootView.swift */; };
		76ADE37C2C1F1F0200CC23CB /* DetailViewController.swift in Sources */ = {isa = PBXBuildFile; fileRef = 76ADE37B2C1F1F0200CC23CB /* DetailViewController.swift */; };
		76F58E612C1EDA4000E038B5 /* ResultSort.swift in Sources */ = {isa = PBXBuildFile; fileRef = 76F58E602C1EDA4000E038B5 /* ResultSort.swift */; };
		76F58E652C1F00E700E038B5 /* ItemInfo.swift in Sources */ = {isa = PBXBuildFile; fileRef = 76F58E642C1F00E700E038B5 /* ItemInfo.swift */; };
/* End PBXBuildFile section */

/* Begin PBXFileReference section */
		7658CFFE2C1BD8C00038FAB0 /* OnBoardingView.swift */ = {isa = PBXFileReference; lastKnownFileType = sourcecode.swift; path = OnBoardingView.swift; sourceTree = "<group>"; };
		7658D0012C1BDAC30038FAB0 /* AccentColorButton.swift */ = {isa = PBXFileReference; lastKnownFileType = sourcecode.swift; path = AccentColorButton.swift; sourceTree = "<group>"; };
		7658D0062C1BDEB90038FAB0 /* OnBoardingViewController.swift */ = {isa = PBXFileReference; lastKnownFileType = sourcecode.swift; path = OnBoardingViewController.swift; sourceTree = "<group>"; };
		767E5CD32C1BE4FB0045C2AF /* SetNicknameView.swift */ = {isa = PBXFileReference; lastKnownFileType = sourcecode.swift; path = SetNicknameView.swift; sourceTree = "<group>"; };
		767E5CD52C1BE7830045C2AF /* BarView.swift */ = {isa = PBXFileReference; lastKnownFileType = sourcecode.swift; path = BarView.swift; sourceTree = "<group>"; };
		767E5CD72C1BEE9E0045C2AF /* SetNicknameViewController.swift */ = {isa = PBXFileReference; lastKnownFileType = sourcecode.swift; path = SetNicknameViewController.swift; sourceTree = "<group>"; };
		767E5CDE2C1C0F3B0045C2AF /* String+.swift */ = {isa = PBXFileReference; lastKnownFileType = sourcecode.swift; path = "String+.swift"; sourceTree = "<group>"; };
		767E5CE22C1C19260045C2AF /* SelectImageCollectionViewCell.swift */ = {isa = PBXFileReference; lastKnownFileType = sourcecode.swift; path = SelectImageCollectionViewCell.swift; sourceTree = "<group>"; };
		767E5CE52C1C19910045C2AF /* SelectImageRootView.swift */ = {isa = PBXFileReference; lastKnownFileType = sourcecode.swift; path = SelectImageRootView.swift; sourceTree = "<group>"; };
		767E5CE72C1C19CC0045C2AF /* ProfileImageView.swift */ = {isa = PBXFileReference; lastKnownFileType = sourcecode.swift; path = ProfileImageView.swift; sourceTree = "<group>"; };
		767E5CEB2C1C24030045C2AF /* SelectImageViewController.swift */ = {isa = PBXFileReference; lastKnownFileType = sourcecode.swift; path = SelectImageViewController.swift; sourceTree = "<group>"; };
		767E5CF12C1C30B60045C2AF /* Profile.swift */ = {isa = PBXFileReference; lastKnownFileType = sourcecode.swift; path = Profile.swift; sourceTree = "<group>"; };
		767E5CF32C1C3EE00045C2AF /* UserDefualt.swift */ = {isa = PBXFileReference; lastKnownFileType = sourcecode.swift; path = UserDefualt.swift; sourceTree = "<group>"; };
		767E5CF52C1C3EF80045C2AF /* UserDefaultManager.swift */ = {isa = PBXFileReference; lastKnownFileType = sourcecode.swift; path = UserDefaultManager.swift; sourceTree = "<group>"; };
		767E5CFB2C1C4B690045C2AF /* SearchViewController.swift */ = {isa = PBXFileReference; lastKnownFileType = sourcecode.swift; path = SearchViewController.swift; sourceTree = "<group>"; };
		767E5CFD2C1C67300045C2AF /* TabBarViewController.swift */ = {isa = PBXFileReference; lastKnownFileType = sourcecode.swift; path = TabBarViewController.swift; sourceTree = "<group>"; };
		767E5D032C1C67A00045C2AF /* SettingViewController.swift */ = {isa = PBXFileReference; lastKnownFileType = sourcecode.swift; path = SettingViewController.swift; sourceTree = "<group>"; };
		767E5D052C1C68EA0045C2AF /* SearchRootView.swift */ = {isa = PBXFileReference; lastKnownFileType = sourcecode.swift; path = SearchRootView.swift; sourceTree = "<group>"; };
		767E5D072C1C74500045C2AF /* SearchWordTableViewCell.swift */ = {isa = PBXFileReference; lastKnownFileType = sourcecode.swift; path = SearchWordTableViewCell.swift; sourceTree = "<group>"; };
		767E5D092C1C74790045C2AF /* ReuseIdentifierProtocol.swift */ = {isa = PBXFileReference; lastKnownFileType = sourcecode.swift; path = ReuseIdentifierProtocol.swift; sourceTree = "<group>"; };
		7691B1062C1AE5280091C42B /* MyFavorite.app */ = {isa = PBXFileReference; explicitFileType = wrapper.application; includeInIndex = 0; path = MyFavorite.app; sourceTree = BUILT_PRODUCTS_DIR; };
		7691B1092C1AE5280091C42B /* AppDelegate.swift */ = {isa = PBXFileReference; lastKnownFileType = sourcecode.swift; path = AppDelegate.swift; sourceTree = "<group>"; };
		7691B10B2C1AE5280091C42B /* SceneDelegate.swift */ = {isa = PBXFileReference; lastKnownFileType = sourcecode.swift; path = SceneDelegate.swift; sourceTree = "<group>"; };
		7691B1122C1AE5290091C42B /* Assets.xcassets */ = {isa = PBXFileReference; lastKnownFileType = folder.assetcatalog; path = Assets.xcassets; sourceTree = "<group>"; };
		7691B1152C1AE5290091C42B /* Base */ = {isa = PBXFileReference; lastKnownFileType = file.storyboard; name = Base; path = Base.lproj/LaunchScreen.storyboard; sourceTree = "<group>"; };
		7691B1172C1AE5290091C42B /* Info.plist */ = {isa = PBXFileReference; lastKnownFileType = text.plist.xml; path = Info.plist; sourceTree = "<group>"; };
		7691B11D2C1AE5B20091C42B /* .gitignore */ = {isa = PBXFileReference; lastKnownFileType = text; path = .gitignore; sourceTree = "<group>"; };
		7691B1252C1AE9460091C42B /* Constant.swift */ = {isa = PBXFileReference; lastKnownFileType = sourcecode.swift; path = Constant.swift; sourceTree = "<group>"; };
		7691B1282C1AEAC80091C42B /* UIColor+.swift */ = {isa = PBXFileReference; lastKnownFileType = sourcecode.swift; path = "UIColor+.swift"; sourceTree = "<group>"; };
		7691B12A2C1AF0680091C42B /* UIImage+.swift */ = {isa = PBXFileReference; lastKnownFileType = sourcecode.swift; path = "UIImage+.swift"; sourceTree = "<group>"; };
		7697EB902C1D1EA2005D08E0 /* SearchWord.swift */ = {isa = PBXFileReference; lastKnownFileType = sourcecode.swift; path = SearchWord.swift; sourceTree = "<group>"; };
		7697EB942C1D713D005D08E0 /* SearchResultRootView.swift */ = {isa = PBXFileReference; lastKnownFileType = sourcecode.swift; path = SearchResultRootView.swift; sourceTree = "<group>"; };
		7697EB962C1D714E005D08E0 /* SearchResultCollectionViewCell.swift */ = {isa = PBXFileReference; lastKnownFileType = sourcecode.swift; path = SearchResultCollectionViewCell.swift; sourceTree = "<group>"; };
		7697EB982C1D75DD005D08E0 /* GrayColorButton.swift */ = {isa = PBXFileReference; lastKnownFileType = sourcecode.swift; path = GrayColorButton.swift; sourceTree = "<group>"; };
		7697EB9A2C1D7D61005D08E0 /* ResultViewController.swift */ = {isa = PBXFileReference; lastKnownFileType = sourcecode.swift; path = ResultViewController.swift; sourceTree = "<group>"; };
		7697EB9C2C1D883D005D08E0 /* ResultEntity.swift */ = {isa = PBXFileReference; lastKnownFileType = sourcecode.swift; path = ResultEntity.swift; sourceTree = "<group>"; };
		7697EB9E2C1EA544005D08E0 /* NetworkManager.swift */ = {isa = PBXFileReference; lastKnownFileType = sourcecode.swift; path = NetworkManager.swift; sourceTree = "<group>"; };
		7697EBA92C1EA6D6005D08E0 /* APIKey.swift */ = {isa = PBXFileReference; lastKnownFileType = sourcecode.swift; path = APIKey.swift; sourceTree = "<group>"; };
		76ADE3792C1F1D5400CC23CB /* SearchDetailRootView.swift */ = {isa = PBXFileReference; lastKnownFileType = sourcecode.swift; path = SearchDetailRootView.swift; sourceTree = "<group>"; };
		76ADE37B2C1F1F0200CC23CB /* DetailViewController.swift */ = {isa = PBXFileReference; lastKnownFileType = sourcecode.swift; path = DetailViewController.swift; sourceTree = "<group>"; };
		76F58E602C1EDA4000E038B5 /* ResultSort.swift */ = {isa = PBXFileReference; lastKnownFileType = sourcecode.swift; path = ResultSort.swift; sourceTree = "<group>"; };
		76F58E642C1F00E700E038B5 /* ItemInfo.swift */ = {isa = PBXFileReference; lastKnownFileType = sourcecode.swift; path = ItemInfo.swift; sourceTree = "<group>"; };
/* End PBXFileReference section */

/* Begin PBXFrameworksBuildPhase section */
		7691B1032C1AE5280091C42B /* Frameworks */ = {
			isa = PBXFrameworksBuildPhase;
			buildActionMask = 2147483647;
			files = (
				7697EBA52C1EA56C005D08E0 /* Kingfisher in Frameworks */,
				7697EBA22C1EA562005D08E0 /* Alamofire in Frameworks */,
				7658D0052C1BDCC60038FAB0 /* SnapKit in Frameworks */,
				767E5CDB2C1C07E80045C2AF /* IQKeyboardManagerSwift in Frameworks */,
			);
			runOnlyForDeploymentPostprocessing = 0;
		};
/* End PBXFrameworksBuildPhase section */

/* Begin PBXGroup section */
		7658CFFA2C1BD8310038FAB0 /* Controllers */ = {
			isa = PBXGroup;
			children = (
				7658D0062C1BDEB90038FAB0 /* OnBoardingViewController.swift */,
				767E5CD72C1BEE9E0045C2AF /* SetNicknameViewController.swift */,
				767E5CEB2C1C24030045C2AF /* SelectImageViewController.swift */,
			);
			path = Controllers;
			sourceTree = "<group>";
		};
		7658CFFB2C1BD8390038FAB0 /* Views */ = {
			isa = PBXGroup;
			children = (
				7658CFFE2C1BD8C00038FAB0 /* OnBoardingView.swift */,
				767E5CD32C1BE4FB0045C2AF /* SetNicknameView.swift */,
				767E5CE42C1C194A0045C2AF /* SelectImage */,
			);
			path = Views;
			sourceTree = "<group>";
		};
		7658CFFC2C1BD83D0038FAB0 /* Models */ = {
			isa = PBXGroup;
			children = (
				767E5CF12C1C30B60045C2AF /* Profile.swift */,
			);
			path = Models;
			sourceTree = "<group>";
		};
		7658CFFD2C1BD8830038FAB0 /* OnBorading */ = {
			isa = PBXGroup;
			children = (
				7658CFFC2C1BD83D0038FAB0 /* Models */,
				7658CFFB2C1BD8390038FAB0 /* Views */,
				7658CFFA2C1BD8310038FAB0 /* Controllers */,
			);
			path = OnBorading;
			sourceTree = "<group>";
		};
		7658D0002C1BDA530038FAB0 /* CustomView */ = {
			isa = PBXGroup;
			children = (
				7658D0012C1BDAC30038FAB0 /* AccentColorButton.swift */,
				767E5CD52C1BE7830045C2AF /* BarView.swift */,
				767E5CE72C1C19CC0045C2AF /* ProfileImageView.swift */,
				7697EB982C1D75DD005D08E0 /* GrayColorButton.swift */,
			);
			path = CustomView;
			sourceTree = "<group>";
		};
		767E5CE42C1C194A0045C2AF /* SelectImage */ = {
			isa = PBXGroup;
			children = (
				767E5CE52C1C19910045C2AF /* SelectImageRootView.swift */,
				767E5CE22C1C19260045C2AF /* SelectImageCollectionViewCell.swift */,
			);
			path = SelectImage;
			sourceTree = "<group>";
		};
		767E5CF72C1C4B240045C2AF /* Search */ = {
			isa = PBXGroup;
			children = (
				76F58E5B2C1EC37900E038B5 /* Entity */,
				767E5CFA2C1C4B520045C2AF /* Models */,
				767E5CF92C1C4B4D0045C2AF /* Views */,
				767E5CF82C1C4B3C0045C2AF /* Controllers */,
			);
			path = Search;
			sourceTree = "<group>";
		};
		767E5CF82C1C4B3C0045C2AF /* Controllers */ = {
			isa = PBXGroup;
			children = (
				767E5CFD2C1C67300045C2AF /* TabBarViewController.swift */,
				767E5CFB2C1C4B690045C2AF /* SearchViewController.swift */,
				7697EB9A2C1D7D61005D08E0 /* ResultViewController.swift */,
				76ADE37B2C1F1F0200CC23CB /* DetailViewController.swift */,
			);
			path = Controllers;
			sourceTree = "<group>";
		};
		767E5CF92C1C4B4D0045C2AF /* Views */ = {
			isa = PBXGroup;
			children = (
				7697EB922C1D7119005D08E0 /* Search */,
				7697EB932C1D7123005D08E0 /* Result */,
				76ADE3782C1F1D2900CC23CB /* Detail */,
			);
			path = Views;
			sourceTree = "<group>";
		};
		767E5CFA2C1C4B520045C2AF /* Models */ = {
			isa = PBXGroup;
			children = (
				7697EB902C1D1EA2005D08E0 /* SearchWord.swift */,
				76F58E602C1EDA4000E038B5 /* ResultSort.swift */,
				76F58E642C1F00E700E038B5 /* ItemInfo.swift */,
			);
			path = Models;
			sourceTree = "<group>";
		};
		767E5CFF2C1C677B0045C2AF /* Setting */ = {
			isa = PBXGroup;
			children = (
				767E5D022C1C678D0045C2AF /* Models */,
				767E5D012C1C67880045C2AF /* Views */,
				767E5D002C1C67840045C2AF /* Controllers */,
			);
			path = Setting;
			sourceTree = "<group>";
		};
		767E5D002C1C67840045C2AF /* Controllers */ = {
			isa = PBXGroup;
			children = (
				767E5D032C1C67A00045C2AF /* SettingViewController.swift */,
			);
			path = Controllers;
			sourceTree = "<group>";
		};
		767E5D012C1C67880045C2AF /* Views */ = {
			isa = PBXGroup;
			children = (
			);
			path = Views;
			sourceTree = "<group>";
		};
		767E5D022C1C678D0045C2AF /* Models */ = {
			isa = PBXGroup;
			children = (
			);
			path = Models;
			sourceTree = "<group>";
		};
		7691B0FD2C1AE5280091C42B = {
			isa = PBXGroup;
			children = (
				7691B11D2C1AE5B20091C42B /* .gitignore */,
				7691B1082C1AE5280091C42B /* MyFavorite */,
				7691B1072C1AE5280091C42B /* Products */,
			);
			sourceTree = "<group>";
		};
		7691B1072C1AE5280091C42B /* Products */ = {
			isa = PBXGroup;
			children = (
				7691B1062C1AE5280091C42B /* MyFavorite.app */,
			);
			name = Products;
			sourceTree = "<group>";
		};
		7691B1082C1AE5280091C42B /* MyFavorite */ = {
			isa = PBXGroup;
			children = (
				7691B1092C1AE5280091C42B /* AppDelegate.swift */,
				7691B10B2C1AE5280091C42B /* SceneDelegate.swift */,
				7697EBA62C1EA672005D08E0 /* Protocol */,
				7697EBA82C1EA687005D08E0 /* Util */,
				7691B1242C1AE8A70091C42B /* Helper */,
				7691B1272C1AEABD0091C42B /* Extension */,
				7658D0002C1BDA530038FAB0 /* CustomView */,
				7658CFFD2C1BD8830038FAB0 /* OnBorading */,
				767E5CF72C1C4B240045C2AF /* Search */,
				767E5CFF2C1C677B0045C2AF /* Setting */,
				7691B1122C1AE5290091C42B /* Assets.xcassets */,
				7691B1142C1AE5290091C42B /* LaunchScreen.storyboard */,
				7691B1172C1AE5290091C42B /* Info.plist */,
			);
			path = MyFavorite;
			sourceTree = "<group>";
		};
		7691B1242C1AE8A70091C42B /* Helper */ = {
			isa = PBXGroup;
			children = (
				7691B1252C1AE9460091C42B /* Constant.swift */,
				7697EBA92C1EA6D6005D08E0 /* APIKey.swift */,
			);
			path = Helper;
			sourceTree = "<group>";
		};
		7691B1272C1AEABD0091C42B /* Extension */ = {
			isa = PBXGroup;
			children = (
				7691B1282C1AEAC80091C42B /* UIColor+.swift */,
				7691B12A2C1AF0680091C42B /* UIImage+.swift */,
				767E5CDE2C1C0F3B0045C2AF /* String+.swift */,
			);
			path = Extension;
			sourceTree = "<group>";
		};
		7697EB922C1D7119005D08E0 /* Search */ = {
			isa = PBXGroup;
			children = (
				767E5D052C1C68EA0045C2AF /* SearchRootView.swift */,
				767E5D072C1C74500045C2AF /* SearchWordTableViewCell.swift */,
			);
			path = Search;
			sourceTree = "<group>";
		};
		7697EB932C1D7123005D08E0 /* Result */ = {
			isa = PBXGroup;
			children = (
				7697EB942C1D713D005D08E0 /* SearchResultRootView.swift */,
				7697EB962C1D714E005D08E0 /* SearchResultCollectionViewCell.swift */,
			);
			path = Result;
			sourceTree = "<group>";
		};
		7697EBA62C1EA672005D08E0 /* Protocol */ = {
			isa = PBXGroup;
			children = (
				767E5D092C1C74790045C2AF /* ReuseIdentifierProtocol.swift */,
			);
			path = Protocol;
			sourceTree = "<group>";
		};
		7697EBA82C1EA687005D08E0 /* Util */ = {
			isa = PBXGroup;
			children = (
				767E5CF32C1C3EE00045C2AF /* UserDefualt.swift */,
				767E5CF52C1C3EF80045C2AF /* UserDefaultManager.swift */,
				7697EB9E2C1EA544005D08E0 /* NetworkManager.swift */,
			);
			path = Util;
			sourceTree = "<group>";
		};
		76ADE3782C1F1D2900CC23CB /* Detail */ = {
			isa = PBXGroup;
			children = (
				76ADE3792C1F1D5400CC23CB /* SearchDetailRootView.swift */,
			);
			path = Detail;
			sourceTree = "<group>";
		};
		76F58E5B2C1EC37900E038B5 /* Entity */ = {
			isa = PBXGroup;
			children = (
				7697EB9C2C1D883D005D08E0 /* ResultEntity.swift */,
			);
			path = Entity;
			sourceTree = "<group>";
		};
/* End PBXGroup section */

/* Begin PBXNativeTarget section */
		7691B1052C1AE5280091C42B /* MyFavorite */ = {
			isa = PBXNativeTarget;
			buildConfigurationList = 7691B11A2C1AE5290091C42B /* Build configuration list for PBXNativeTarget "MyFavorite" */;
			buildPhases = (
				7691B1022C1AE5280091C42B /* Sources */,
				7691B1032C1AE5280091C42B /* Frameworks */,
				7691B1042C1AE5280091C42B /* Resources */,
			);
			buildRules = (
			);
			dependencies = (
			);
			name = MyFavorite;
			packageProductDependencies = (
				7658D0042C1BDCC60038FAB0 /* SnapKit */,
				767E5CDA2C1C07E80045C2AF /* IQKeyboardManagerSwift */,
				7697EBA12C1EA562005D08E0 /* Alamofire */,
				7697EBA42C1EA56C005D08E0 /* Kingfisher */,
			);
			productName = MyFavorite;
			productReference = 7691B1062C1AE5280091C42B /* MyFavorite.app */;
			productType = "com.apple.product-type.application";
		};
/* End PBXNativeTarget section */

/* Begin PBXProject section */
		7691B0FE2C1AE5280091C42B /* Project object */ = {
			isa = PBXProject;
			attributes = {
				BuildIndependentTargetsInParallel = 1;
				LastSwiftUpdateCheck = 1500;
				LastUpgradeCheck = 1500;
				TargetAttributes = {
					7691B1052C1AE5280091C42B = {
						CreatedOnToolsVersion = 15.0.1;
					};
				};
			};
			buildConfigurationList = 7691B1012C1AE5280091C42B /* Build configuration list for PBXProject "MyFavorite" */;
			compatibilityVersion = "Xcode 14.0";
			developmentRegion = en;
			hasScannedForEncodings = 0;
			knownRegions = (
				en,
				Base,
			);
			mainGroup = 7691B0FD2C1AE5280091C42B;
			packageReferences = (
				7658D0032C1BDCC60038FAB0 /* XCRemoteSwiftPackageReference "SnapKit" */,
				767E5CD92C1C07E80045C2AF /* XCRemoteSwiftPackageReference "IQKeyboardManager" */,
				7697EBA02C1EA562005D08E0 /* XCRemoteSwiftPackageReference "Alamofire" */,
				7697EBA32C1EA56C005D08E0 /* XCRemoteSwiftPackageReference "Kingfisher" */,
			);
			productRefGroup = 7691B1072C1AE5280091C42B /* Products */;
			projectDirPath = "";
			projectRoot = "";
			targets = (
				7691B1052C1AE5280091C42B /* MyFavorite */,
			);
		};
/* End PBXProject section */

/* Begin PBXResourcesBuildPhase section */
		7691B1042C1AE5280091C42B /* Resources */ = {
			isa = PBXResourcesBuildPhase;
			buildActionMask = 2147483647;
			files = (
				7691B11E2C1AE5B20091C42B /* .gitignore in Resources */,
				7691B1162C1AE5290091C42B /* LaunchScreen.storyboard in Resources */,
				7691B1132C1AE5290091C42B /* Assets.xcassets in Resources */,
			);
			runOnlyForDeploymentPostprocessing = 0;
		};
/* End PBXResourcesBuildPhase section */

/* Begin PBXSourcesBuildPhase section */
		7691B1022C1AE5280091C42B /* Sources */ = {
			isa = PBXSourcesBuildPhase;
			buildActionMask = 2147483647;
			files = (
				767E5CF42C1C3EE00045C2AF /* UserDefualt.swift in Sources */,
				767E5D042C1C67A00045C2AF /* SettingViewController.swift in Sources */,
				767E5CF22C1C30B60045C2AF /* Profile.swift in Sources */,
				767E5CEC2C1C24030045C2AF /* SelectImageViewController.swift in Sources */,
				7691B10A2C1AE5280091C42B /* AppDelegate.swift in Sources */,
				7697EB9B2C1D7D61005D08E0 /* ResultViewController.swift in Sources */,
				7697EB952C1D713D005D08E0 /* SearchResultRootView.swift in Sources */,
				767E5D0A2C1C74790045C2AF /* ReuseIdentifierProtocol.swift in Sources */,
				767E5CFE2C1C67300045C2AF /* TabBarViewController.swift in Sources */,
				76F58E652C1F00E700E038B5 /* ItemInfo.swift in Sources */,
				7658CFFF2C1BD8C00038FAB0 /* OnBoardingView.swift in Sources */,
				7697EB992C1D75DD005D08E0 /* GrayColorButton.swift in Sources */,
				767E5CD82C1BEE9E0045C2AF /* SetNicknameViewController.swift in Sources */,
				7697EB912C1D1EA2005D08E0 /* SearchWord.swift in Sources */,
				7697EB972C1D714E005D08E0 /* SearchResultCollectionViewCell.swift in Sources */,
				7658D0022C1BDAC30038FAB0 /* AccentColorButton.swift in Sources */,
				767E5CD42C1BE4FB0045C2AF /* SetNicknameView.swift in Sources */,
				767E5CD62C1BE7830045C2AF /* BarView.swift in Sources */,
				76ADE37C2C1F1F0200CC23CB /* DetailViewController.swift in Sources */,
				767E5D062C1C68EA0045C2AF /* SearchRootView.swift in Sources */,
				767E5CDF2C1C0F3B0045C2AF /* String+.swift in Sources */,
				767E5CFC2C1C4B690045C2AF /* SearchViewController.swift in Sources */,
				76ADE37A2C1F1D5400CC23CB /* SearchDetailRootView.swift in Sources */,
				7697EB9F2C1EA544005D08E0 /* NetworkManager.swift in Sources */,
				7691B10C2C1AE5280091C42B /* SceneDelegate.swift in Sources */,
				7691B12B2C1AF0680091C42B /* UIImage+.swift in Sources */,
				767E5CE32C1C19260045C2AF /* SelectImageCollectionViewCell.swift in Sources */,
				7697EB9D2C1D883D005D08E0 /* ResultEntity.swift in Sources */,
				7658D0072C1BDEB90038FAB0 /* OnBoardingViewController.swift in Sources */,
				76F58E612C1EDA4000E038B5 /* ResultSort.swift in Sources */,
				767E5CF62C1C3EF80045C2AF /* UserDefaultManager.swift in Sources */,
				7691B1262C1AE9460091C42B /* Constant.swift in Sources */,
				7697EBAA2C1EA6D6005D08E0 /* APIKey.swift in Sources */,
				767E5CE62C1C19910045C2AF /* SelectImageRootView.swift in Sources */,
				767E5D082C1C74500045C2AF /* SearchWordTableViewCell.swift in Sources */,
				767E5CE82C1C19CC0045C2AF /* ProfileImageView.swift in Sources */,
				7691B1292C1AEAC80091C42B /* UIColor+.swift in Sources */,
			);
			runOnlyForDeploymentPostprocessing = 0;
		};
/* End PBXSourcesBuildPhase section */

/* Begin PBXVariantGroup section */
		7691B1142C1AE5290091C42B /* LaunchScreen.storyboard */ = {
			isa = PBXVariantGroup;
			children = (
				7691B1152C1AE5290091C42B /* Base */,
			);
			name = LaunchScreen.storyboard;
			sourceTree = "<group>";
		};
/* End PBXVariantGroup section */

/* Begin XCBuildConfiguration section */
		7691B1182C1AE5290091C42B /* Debug */ = {
			isa = XCBuildConfiguration;
			buildSettings = {
				ALWAYS_SEARCH_USER_PATHS = NO;
				ASSETCATALOG_COMPILER_GENERATE_SWIFT_ASSET_SYMBOL_EXTENSIONS = YES;
				CLANG_ANALYZER_NONNULL = YES;
				CLANG_ANALYZER_NUMBER_OBJECT_CONVERSION = YES_AGGRESSIVE;
				CLANG_CXX_LANGUAGE_STANDARD = "gnu++20";
				CLANG_ENABLE_MODULES = YES;
				CLANG_ENABLE_OBJC_ARC = YES;
				CLANG_ENABLE_OBJC_WEAK = YES;
				CLANG_WARN_BLOCK_CAPTURE_AUTORELEASING = YES;
				CLANG_WARN_BOOL_CONVERSION = YES;
				CLANG_WARN_COMMA = YES;
				CLANG_WARN_CONSTANT_CONVERSION = YES;
				CLANG_WARN_DEPRECATED_OBJC_IMPLEMENTATIONS = YES;
				CLANG_WARN_DIRECT_OBJC_ISA_USAGE = YES_ERROR;
				CLANG_WARN_DOCUMENTATION_COMMENTS = YES;
				CLANG_WARN_EMPTY_BODY = YES;
				CLANG_WARN_ENUM_CONVERSION = YES;
				CLANG_WARN_INFINITE_RECURSION = YES;
				CLANG_WARN_INT_CONVERSION = YES;
				CLANG_WARN_NON_LITERAL_NULL_CONVERSION = YES;
				CLANG_WARN_OBJC_IMPLICIT_RETAIN_SELF = YES;
				CLANG_WARN_OBJC_LITERAL_CONVERSION = YES;
				CLANG_WARN_OBJC_ROOT_CLASS = YES_ERROR;
				CLANG_WARN_QUOTED_INCLUDE_IN_FRAMEWORK_HEADER = YES;
				CLANG_WARN_RANGE_LOOP_ANALYSIS = YES;
				CLANG_WARN_STRICT_PROTOTYPES = YES;
				CLANG_WARN_SUSPICIOUS_MOVE = YES;
				CLANG_WARN_UNGUARDED_AVAILABILITY = YES_AGGRESSIVE;
				CLANG_WARN_UNREACHABLE_CODE = YES;
				CLANG_WARN__DUPLICATE_METHOD_MATCH = YES;
				COPY_PHASE_STRIP = NO;
				DEBUG_INFORMATION_FORMAT = dwarf;
				ENABLE_STRICT_OBJC_MSGSEND = YES;
				ENABLE_TESTABILITY = YES;
				ENABLE_USER_SCRIPT_SANDBOXING = YES;
				GCC_C_LANGUAGE_STANDARD = gnu17;
				GCC_DYNAMIC_NO_PIC = NO;
				GCC_NO_COMMON_BLOCKS = YES;
				GCC_OPTIMIZATION_LEVEL = 0;
				GCC_PREPROCESSOR_DEFINITIONS = (
					"DEBUG=1",
					"$(inherited)",
				);
				GCC_WARN_64_TO_32_BIT_CONVERSION = YES;
				GCC_WARN_ABOUT_RETURN_TYPE = YES_ERROR;
				GCC_WARN_UNDECLARED_SELECTOR = YES;
				GCC_WARN_UNINITIALIZED_AUTOS = YES_AGGRESSIVE;
				GCC_WARN_UNUSED_FUNCTION = YES;
				GCC_WARN_UNUSED_VARIABLE = YES;
				IPHONEOS_DEPLOYMENT_TARGET = 17.0;
				LOCALIZATION_PREFERS_STRING_CATALOGS = YES;
				MTL_ENABLE_DEBUG_INFO = INCLUDE_SOURCE;
				MTL_FAST_MATH = YES;
				ONLY_ACTIVE_ARCH = YES;
				SDKROOT = iphoneos;
				SWIFT_ACTIVE_COMPILATION_CONDITIONS = "DEBUG $(inherited)";
				SWIFT_OPTIMIZATION_LEVEL = "-Onone";
			};
			name = Debug;
		};
		7691B1192C1AE5290091C42B /* Release */ = {
			isa = XCBuildConfiguration;
			buildSettings = {
				ALWAYS_SEARCH_USER_PATHS = NO;
				ASSETCATALOG_COMPILER_GENERATE_SWIFT_ASSET_SYMBOL_EXTENSIONS = YES;
				CLANG_ANALYZER_NONNULL = YES;
				CLANG_ANALYZER_NUMBER_OBJECT_CONVERSION = YES_AGGRESSIVE;
				CLANG_CXX_LANGUAGE_STANDARD = "gnu++20";
				CLANG_ENABLE_MODULES = YES;
				CLANG_ENABLE_OBJC_ARC = YES;
				CLANG_ENABLE_OBJC_WEAK = YES;
				CLANG_WARN_BLOCK_CAPTURE_AUTORELEASING = YES;
				CLANG_WARN_BOOL_CONVERSION = YES;
				CLANG_WARN_COMMA = YES;
				CLANG_WARN_CONSTANT_CONVERSION = YES;
				CLANG_WARN_DEPRECATED_OBJC_IMPLEMENTATIONS = YES;
				CLANG_WARN_DIRECT_OBJC_ISA_USAGE = YES_ERROR;
				CLANG_WARN_DOCUMENTATION_COMMENTS = YES;
				CLANG_WARN_EMPTY_BODY = YES;
				CLANG_WARN_ENUM_CONVERSION = YES;
				CLANG_WARN_INFINITE_RECURSION = YES;
				CLANG_WARN_INT_CONVERSION = YES;
				CLANG_WARN_NON_LITERAL_NULL_CONVERSION = YES;
				CLANG_WARN_OBJC_IMPLICIT_RETAIN_SELF = YES;
				CLANG_WARN_OBJC_LITERAL_CONVERSION = YES;
				CLANG_WARN_OBJC_ROOT_CLASS = YES_ERROR;
				CLANG_WARN_QUOTED_INCLUDE_IN_FRAMEWORK_HEADER = YES;
				CLANG_WARN_RANGE_LOOP_ANALYSIS = YES;
				CLANG_WARN_STRICT_PROTOTYPES = YES;
				CLANG_WARN_SUSPICIOUS_MOVE = YES;
				CLANG_WARN_UNGUARDED_AVAILABILITY = YES_AGGRESSIVE;
				CLANG_WARN_UNREACHABLE_CODE = YES;
				CLANG_WARN__DUPLICATE_METHOD_MATCH = YES;
				COPY_PHASE_STRIP = NO;
				DEBUG_INFORMATION_FORMAT = "dwarf-with-dsym";
				ENABLE_NS_ASSERTIONS = NO;
				ENABLE_STRICT_OBJC_MSGSEND = YES;
				ENABLE_USER_SCRIPT_SANDBOXING = YES;
				GCC_C_LANGUAGE_STANDARD = gnu17;
				GCC_NO_COMMON_BLOCKS = YES;
				GCC_WARN_64_TO_32_BIT_CONVERSION = YES;
				GCC_WARN_ABOUT_RETURN_TYPE = YES_ERROR;
				GCC_WARN_UNDECLARED_SELECTOR = YES;
				GCC_WARN_UNINITIALIZED_AUTOS = YES_AGGRESSIVE;
				GCC_WARN_UNUSED_FUNCTION = YES;
				GCC_WARN_UNUSED_VARIABLE = YES;
				IPHONEOS_DEPLOYMENT_TARGET = 17.0;
				LOCALIZATION_PREFERS_STRING_CATALOGS = YES;
				MTL_ENABLE_DEBUG_INFO = NO;
				MTL_FAST_MATH = YES;
				SDKROOT = iphoneos;
				SWIFT_COMPILATION_MODE = wholemodule;
				VALIDATE_PRODUCT = YES;
			};
			name = Release;
		};
		7691B11B2C1AE5290091C42B /* Debug */ = {
			isa = XCBuildConfiguration;
			buildSettings = {
				ASSETCATALOG_COMPILER_APPICON_NAME = AppIcon;
				ASSETCATALOG_COMPILER_GLOBAL_ACCENT_COLOR_NAME = AccentColor;
				CODE_SIGN_STYLE = Automatic;
				CURRENT_PROJECT_VERSION = 1;
				DEVELOPMENT_TEAM = A9AQ72K5MY;
				GENERATE_INFOPLIST_FILE = YES;
				INFOPLIST_FILE = MyFavorite/Info.plist;
				INFOPLIST_KEY_UIApplicationSupportsIndirectInputEvents = YES;
				INFOPLIST_KEY_UILaunchStoryboardName = LaunchScreen;
				INFOPLIST_KEY_UIMainStoryboardFile = "";
				INFOPLIST_KEY_UISupportedInterfaceOrientations = UIInterfaceOrientationPortrait;
				INFOPLIST_KEY_UISupportedInterfaceOrientations_iPad = UIInterfaceOrientationPortrait;
				IPHONEOS_DEPLOYMENT_TARGET = 15.0;
				LD_RUNPATH_SEARCH_PATHS = (
					"$(inherited)",
					"@executable_path/Frameworks",
				);
				MARKETING_VERSION = 1.0;
				PRODUCT_BUNDLE_IDENTIFIER = com.iyeah.MyFavorite;
				PRODUCT_NAME = "$(TARGET_NAME)";
				SUPPORTED_PLATFORMS = "iphoneos iphonesimulator";
				SUPPORTS_MACCATALYST = NO;
				SUPPORTS_MAC_DESIGNED_FOR_IPHONE_IPAD = NO;
				SWIFT_EMIT_LOC_STRINGS = YES;
				SWIFT_VERSION = 5.0;
				TARGETED_DEVICE_FAMILY = 1;
			};
			name = Debug;
		};
		7691B11C2C1AE5290091C42B /* Release */ = {
			isa = XCBuildConfiguration;
			buildSettings = {
				ASSETCATALOG_COMPILER_APPICON_NAME = AppIcon;
				ASSETCATALOG_COMPILER_GLOBAL_ACCENT_COLOR_NAME = AccentColor;
				CODE_SIGN_STYLE = Automatic;
				CURRENT_PROJECT_VERSION = 1;
				DEVELOPMENT_TEAM = A9AQ72K5MY;
				GENERATE_INFOPLIST_FILE = YES;
				INFOPLIST_FILE = MyFavorite/Info.plist;
				INFOPLIST_KEY_UIApplicationSupportsIndirectInputEvents = YES;
				INFOPLIST_KEY_UILaunchStoryboardName = LaunchScreen;
				INFOPLIST_KEY_UIMainStoryboardFile = "";
				INFOPLIST_KEY_UISupportedInterfaceOrientations = UIInterfaceOrientationPortrait;
				INFOPLIST_KEY_UISupportedInterfaceOrientations_iPad = UIInterfaceOrientationPortrait;
				IPHONEOS_DEPLOYMENT_TARGET = 15.0;
				LD_RUNPATH_SEARCH_PATHS = (
					"$(inherited)",
					"@executable_path/Frameworks",
				);
				MARKETING_VERSION = 1.0;
				PRODUCT_BUNDLE_IDENTIFIER = com.iyeah.MyFavorite;
				PRODUCT_NAME = "$(TARGET_NAME)";
				SUPPORTED_PLATFORMS = "iphoneos iphonesimulator";
				SUPPORTS_MACCATALYST = NO;
				SUPPORTS_MAC_DESIGNED_FOR_IPHONE_IPAD = NO;
				SWIFT_EMIT_LOC_STRINGS = YES;
				SWIFT_VERSION = 5.0;
				TARGETED_DEVICE_FAMILY = 1;
			};
			name = Release;
		};
/* End XCBuildConfiguration section */

/* Begin XCConfigurationList section */
		7691B1012C1AE5280091C42B /* Build configuration list for PBXProject "MyFavorite" */ = {
			isa = XCConfigurationList;
			buildConfigurations = (
				7691B1182C1AE5290091C42B /* Debug */,
				7691B1192C1AE5290091C42B /* Release */,
			);
			defaultConfigurationIsVisible = 0;
			defaultConfigurationName = Release;
		};
		7691B11A2C1AE5290091C42B /* Build configuration list for PBXNativeTarget "MyFavorite" */ = {
			isa = XCConfigurationList;
			buildConfigurations = (
				7691B11B2C1AE5290091C42B /* Debug */,
				7691B11C2C1AE5290091C42B /* Release */,
			);
			defaultConfigurationIsVisible = 0;
			defaultConfigurationName = Release;
		};
/* End XCConfigurationList section */

/* Begin XCRemoteSwiftPackageReference section */
		7658D0032C1BDCC60038FAB0 /* XCRemoteSwiftPackageReference "SnapKit" */ = {
			isa = XCRemoteSwiftPackageReference;
			repositoryURL = "https://github.com/SnapKit/SnapKit.git";
			requirement = {
				kind = upToNextMajorVersion;
				minimumVersion = 5.7.1;
			};
		};
		767E5CD92C1C07E80045C2AF /* XCRemoteSwiftPackageReference "IQKeyboardManager" */ = {
			isa = XCRemoteSwiftPackageReference;
			repositoryURL = "https://github.com/hackiftekhar/IQKeyboardManager.git";
			requirement = {
				kind = upToNextMajorVersion;
				minimumVersion = 7.0.3;
			};
		};
		7697EBA02C1EA562005D08E0 /* XCRemoteSwiftPackageReference "Alamofire" */ = {
			isa = XCRemoteSwiftPackageReference;
			repositoryURL = "https://github.com/Alamofire/Alamofire.git";
			requirement = {
				kind = upToNextMajorVersion;
				minimumVersion = 5.9.1;
			};
		};
		7697EBA32C1EA56C005D08E0 /* XCRemoteSwiftPackageReference "Kingfisher" */ = {
			isa = XCRemoteSwiftPackageReference;
			repositoryURL = "https://github.com/onevcat/Kingfisher.git";
			requirement = {
				kind = upToNextMajorVersion;
				minimumVersion = 7.12.0;
			};
		};
/* End XCRemoteSwiftPackageReference section */

/* Begin XCSwiftPackageProductDependency section */
		7658D0042C1BDCC60038FAB0 /* SnapKit */ = {
			isa = XCSwiftPackageProductDependency;
			package = 7658D0032C1BDCC60038FAB0 /* XCRemoteSwiftPackageReference "SnapKit" */;
			productName = SnapKit;
		};
		767E5CDA2C1C07E80045C2AF /* IQKeyboardManagerSwift */ = {
			isa = XCSwiftPackageProductDependency;
			package = 767E5CD92C1C07E80045C2AF /* XCRemoteSwiftPackageReference "IQKeyboardManager" */;
			productName = IQKeyboardManagerSwift;
		};
		7697EBA12C1EA562005D08E0 /* Alamofire */ = {
			isa = XCSwiftPackageProductDependency;
			package = 7697EBA02C1EA562005D08E0 /* XCRemoteSwiftPackageReference "Alamofire" */;
			productName = Alamofire;
		};
		7697EBA42C1EA56C005D08E0 /* Kingfisher */ = {
			isa = XCSwiftPackageProductDependency;
			package = 7697EBA32C1EA56C005D08E0 /* XCRemoteSwiftPackageReference "Kingfisher" */;
			productName = Kingfisher;
		};
/* End XCSwiftPackageProductDependency section */
	};
	rootObject = 7691B0FE2C1AE5280091C42B /* Project object */;
}
